// !$*UTF8*$!
{
	archiveVersion = 1;
	classes = {
	};
	objectVersion = 56;
	objects = {

/* Begin PBXBuildFile section */
		F721CEAE2D4D7EF300B7939B /* FetchApodRepository.swift in Sources */ = {isa = PBXBuildFile; fileRef = F721CEA62D4D7EF300B7939B /* FetchApodRepository.swift */; };
		F721CEAF2D4D7EF300B7939B /* NetworkClient.swift in Sources */ = {isa = PBXBuildFile; fileRef = F721CEA82D4D7EF300B7939B /* NetworkClient.swift */; };
		F721CEB02D4D7EF300B7939B /* HTTPClient.swift in Sources */ = {isa = PBXBuildFile; fileRef = F721CEA92D4D7EF300B7939B /* HTTPClient.swift */; };
		F721CEB12D4D7EF300B7939B /* NetworkError.swift in Sources */ = {isa = PBXBuildFile; fileRef = F721CEAA2D4D7EF300B7939B /* NetworkError.swift */; };
		F721CEB22D4D7EF300B7939B /* Endpoint.swift in Sources */ = {isa = PBXBuildFile; fileRef = F721CEAB2D4D7EF300B7939B /* Endpoint.swift */; };
		F721CEB32D4D7EF300B7939B /* GetApodEndpoint.swift in Sources */ = {isa = PBXBuildFile; fileRef = F721CEAD2D4D7EF300B7939B /* GetApodEndpoint.swift */; };
		F721CEB92D4D7EFF00B7939B /* FetchApodRepositoryProtocol.swift in Sources */ = {isa = PBXBuildFile; fileRef = F721CEB62D4D7EFF00B7939B /* FetchApodRepositoryProtocol.swift */; };
		F721CEBA2D4D7EFF00B7939B /* APOD.swift in Sources */ = {isa = PBXBuildFile; fileRef = F721CEB82D4D7EFF00B7939B /* APOD.swift */; };
		F721CEBD2D4D7FD400B7939B /* GetApodUseCase.swift in Sources */ = {isa = PBXBuildFile; fileRef = F721CEBC2D4D7FD400B7939B /* GetApodUseCase.swift */; };
		F721CEC12D4D826700B7939B /* AstroView.swift in Sources */ = {isa = PBXBuildFile; fileRef = F721CEC02D4D826700B7939B /* AstroView.swift */; };
		F721CEC32D4D828F00B7939B /* AstroView+ViewModel.swift in Sources */ = {isa = PBXBuildFile; fileRef = F721CEC22D4D828F00B7939B /* AstroView+ViewModel.swift */; };
		F721CEC52D4D85F100B7939B /* AstroView+Factory.swift in Sources */ = {isa = PBXBuildFile; fileRef = F721CEC42D4D85F100B7939B /* AstroView+Factory.swift */; };
		F721CECA2D4D8B8300B7939B /* RemoteImage.swift in Sources */ = {isa = PBXBuildFile; fileRef = F721CEC92D4D8B8300B7939B /* RemoteImage.swift */; };
		F721CECD2D4DA95700B7939B /* Date+Helpers.swift in Sources */ = {isa = PBXBuildFile; fileRef = F721CECC2D4DA95700B7939B /* Date+Helpers.swift */; };
		F721CECF2D4DAA3300B7939B /* String+Helpers.swift in Sources */ = {isa = PBXBuildFile; fileRef = F721CECE2D4DAA3300B7939B /* String+Helpers.swift */; };
		F721CED12D4DAAE600B7939B /* MediaType.swift in Sources */ = {isa = PBXBuildFile; fileRef = F721CED02D4DAAE600B7939B /* MediaType.swift */; };
		F721CED32D4DACBC00B7939B /* WKWebViewRepresentable.swift in Sources */ = {isa = PBXBuildFile; fileRef = F721CED22D4DACBC00B7939B /* WKWebViewRepresentable.swift */; };
		F721CED92D4E390C00B7939B /* Astro.swift in Sources */ = {isa = PBXBuildFile; fileRef = F721CED82D4E390C00B7939B /* Astro.swift */; };
		F7DFE2F22D4D754E00A2CCB9 /* NASA_APODApp.swift in Sources */ = {isa = PBXBuildFile; fileRef = F7DFE2F12D4D754E00A2CCB9 /* NASA_APODApp.swift */; };
		F7DFE2F42D4D754E00A2CCB9 /* ContentView.swift in Sources */ = {isa = PBXBuildFile; fileRef = F7DFE2F32D4D754E00A2CCB9 /* ContentView.swift */; };
		F7DFE2F62D4D754F00A2CCB9 /* Assets.xcassets in Resources */ = {isa = PBXBuildFile; fileRef = F7DFE2F52D4D754F00A2CCB9 /* Assets.xcassets */; };
		F7DFE2F92D4D754F00A2CCB9 /* Preview Assets.xcassets in Resources */ = {isa = PBXBuildFile; fileRef = F7DFE2F82D4D754F00A2CCB9 /* Preview Assets.xcassets */; };
/* End PBXBuildFile section */

/* Begin PBXFileReference section */
		F721CEA62D4D7EF300B7939B /* FetchApodRepository.swift */ = {isa = PBXFileReference; fileEncoding = 4; lastKnownFileType = sourcecode.swift; path = FetchApodRepository.swift; sourceTree = "<group>"; };
		F721CEA82D4D7EF300B7939B /* NetworkClient.swift */ = {isa = PBXFileReference; fileEncoding = 4; lastKnownFileType = sourcecode.swift; path = NetworkClient.swift; sourceTree = "<group>"; };
		F721CEA92D4D7EF300B7939B /* HTTPClient.swift */ = {isa = PBXFileReference; fileEncoding = 4; lastKnownFileType = sourcecode.swift; path = HTTPClient.swift; sourceTree = "<group>"; };
		F721CEAA2D4D7EF300B7939B /* NetworkError.swift */ = {isa = PBXFileReference; fileEncoding = 4; lastKnownFileType = sourcecode.swift; path = NetworkError.swift; sourceTree = "<group>"; };
		F721CEAB2D4D7EF300B7939B /* Endpoint.swift */ = {isa = PBXFileReference; fileEncoding = 4; lastKnownFileType = sourcecode.swift; path = Endpoint.swift; sourceTree = "<group>"; };
		F721CEAD2D4D7EF300B7939B /* GetApodEndpoint.swift */ = {isa = PBXFileReference; fileEncoding = 4; lastKnownFileType = sourcecode.swift; path = GetApodEndpoint.swift; sourceTree = "<group>"; };
		F721CEB62D4D7EFF00B7939B /* FetchApodRepositoryProtocol.swift */ = {isa = PBXFileReference; fileEncoding = 4; lastKnownFileType = sourcecode.swift; path = FetchApodRepositoryProtocol.swift; sourceTree = "<group>"; };
		F721CEB82D4D7EFF00B7939B /* APOD.swift */ = {isa = PBXFileReference; fileEncoding = 4; lastKnownFileType = sourcecode.swift; path = APOD.swift; sourceTree = "<group>"; };
		F721CEBC2D4D7FD400B7939B /* GetApodUseCase.swift */ = {isa = PBXFileReference; lastKnownFileType = sourcecode.swift; path = GetApodUseCase.swift; sourceTree = "<group>"; };
		F721CEC02D4D826700B7939B /* AstroView.swift */ = {isa = PBXFileReference; lastKnownFileType = sourcecode.swift; path = AstroView.swift; sourceTree = "<group>"; };
		F721CEC22D4D828F00B7939B /* AstroView+ViewModel.swift */ = {isa = PBXFileReference; lastKnownFileType = sourcecode.swift; path = "AstroView+ViewModel.swift"; sourceTree = "<group>"; };
		F721CEC42D4D85F100B7939B /* AstroView+Factory.swift */ = {isa = PBXFileReference; lastKnownFileType = sourcecode.swift; path = "AstroView+Factory.swift"; sourceTree = "<group>"; };
		F721CEC92D4D8B8300B7939B /* RemoteImage.swift */ = {isa = PBXFileReference; lastKnownFileType = sourcecode.swift; path = RemoteImage.swift; sourceTree = "<group>"; };
		F721CECC2D4DA95700B7939B /* Date+Helpers.swift */ = {isa = PBXFileReference; lastKnownFileType = sourcecode.swift; path = "Date+Helpers.swift"; sourceTree = "<group>"; };
		F721CECE2D4DAA3300B7939B /* String+Helpers.swift */ = {isa = PBXFileReference; lastKnownFileType = sourcecode.swift; path = "String+Helpers.swift"; sourceTree = "<group>"; };
		F721CED02D4DAAE600B7939B /* MediaType.swift */ = {isa = PBXFileReference; lastKnownFileType = sourcecode.swift; path = MediaType.swift; sourceTree = "<group>"; };
		F721CED22D4DACBC00B7939B /* WKWebViewRepresentable.swift */ = {isa = PBXFileReference; lastKnownFileType = sourcecode.swift; path = WKWebViewRepresentable.swift; sourceTree = "<group>"; };
		F721CED82D4E390C00B7939B /* Astro.swift */ = {isa = PBXFileReference; lastKnownFileType = sourcecode.swift; path = Astro.swift; sourceTree = "<group>"; };
		F7DFE2EE2D4D754E00A2CCB9 /* NASA APOD.app */ = {isa = PBXFileReference; explicitFileType = wrapper.application; includeInIndex = 0; path = "NASA APOD.app"; sourceTree = BUILT_PRODUCTS_DIR; };
		F7DFE2F12D4D754E00A2CCB9 /* NASA_APODApp.swift */ = {isa = PBXFileReference; lastKnownFileType = sourcecode.swift; path = NASA_APODApp.swift; sourceTree = "<group>"; };
		F7DFE2F32D4D754E00A2CCB9 /* ContentView.swift */ = {isa = PBXFileReference; lastKnownFileType = sourcecode.swift; path = ContentView.swift; sourceTree = "<group>"; };
		F7DFE2F52D4D754F00A2CCB9 /* Assets.xcassets */ = {isa = PBXFileReference; lastKnownFileType = folder.assetcatalog; path = Assets.xcassets; sourceTree = "<group>"; };
		F7DFE2F82D4D754F00A2CCB9 /* Preview Assets.xcassets */ = {isa = PBXFileReference; lastKnownFileType = folder.assetcatalog; path = "Preview Assets.xcassets"; sourceTree = "<group>"; };
/* End PBXFileReference section */

/* Begin PBXFrameworksBuildPhase section */
		F7DFE2EB2D4D754E00A2CCB9 /* Frameworks */ = {
			isa = PBXFrameworksBuildPhase;
			buildActionMask = 2147483647;
			files = (
			);
			runOnlyForDeploymentPostprocessing = 0;
		};
/* End PBXFrameworksBuildPhase section */

/* Begin PBXGroup section */
		F721CEA42D4D7EF300B7939B /* Data */ = {
			isa = PBXGroup;
			children = (
				F721CEDA2D4E3C4D00B7939B /* Response */,
				F721CEA52D4D7EF300B7939B /* Repository */,
				F721CEA72D4D7EF300B7939B /* Network */,
				F721CEAC2D4D7EF300B7939B /* Endpoint */,
			);
			path = Data;
			sourceTree = "<group>";
		};
		F721CEA52D4D7EF300B7939B /* Repository */ = {
			isa = PBXGroup;
			children = (
				F721CEA62D4D7EF300B7939B /* FetchApodRepository.swift */,
			);
			path = Repository;
			sourceTree = "<group>";
		};
		F721CEA72D4D7EF300B7939B /* Network */ = {
			isa = PBXGroup;
			children = (
				F721CEA82D4D7EF300B7939B /* NetworkClient.swift */,
				F721CEA92D4D7EF300B7939B /* HTTPClient.swift */,
				F721CEAA2D4D7EF300B7939B /* NetworkError.swift */,
				F721CEAB2D4D7EF300B7939B /* Endpoint.swift */,
			);
			path = Network;
			sourceTree = "<group>";
		};
		F721CEAC2D4D7EF300B7939B /* Endpoint */ = {
			isa = PBXGroup;
			children = (
				F721CEAD2D4D7EF300B7939B /* GetApodEndpoint.swift */,
			);
			path = Endpoint;
			sourceTree = "<group>";
		};
		F721CEB42D4D7EFF00B7939B /* Domain */ = {
			isa = PBXGroup;
			children = (
				F721CEBB2D4D7F9200B7939B /* UseCase */,
				F721CEB52D4D7EFF00B7939B /* Repository */,
				F721CEB72D4D7EFF00B7939B /* Model */,
			);
			path = Domain;
			sourceTree = "<group>";
		};
		F721CEB52D4D7EFF00B7939B /* Repository */ = {
			isa = PBXGroup;
			children = (
				F721CEB62D4D7EFF00B7939B /* FetchApodRepositoryProtocol.swift */,
			);
			path = Repository;
			sourceTree = "<group>";
		};
		F721CEB72D4D7EFF00B7939B /* Model */ = {
			isa = PBXGroup;
			children = (
				F721CED82D4E390C00B7939B /* Astro.swift */,
			);
			path = Model;
			sourceTree = "<group>";
		};
		F721CEBB2D4D7F9200B7939B /* UseCase */ = {
			isa = PBXGroup;
			children = (
				F721CEBC2D4D7FD400B7939B /* GetApodUseCase.swift */,
			);
			path = UseCase;
			sourceTree = "<group>";
		};
		F721CEBE2D4D81DE00B7939B /* Presentation */ = {
			isa = PBXGroup;
			children = (
				F721CEBF2D4D823300B7939B /* Astro */,
			);
			path = Presentation;
			sourceTree = "<group>";
		};
		F721CEBF2D4D823300B7939B /* Astro */ = {
			isa = PBXGroup;
			children = (
				F721CEC02D4D826700B7939B /* AstroView.swift */,
				F721CEC22D4D828F00B7939B /* AstroView+ViewModel.swift */,
				F721CEC42D4D85F100B7939B /* AstroView+Factory.swift */,
			);
			path = Astro;
			sourceTree = "<group>";
		};
		F721CEC62D4D8B4A00B7939B /* Utils */ = {
			isa = PBXGroup;
			children = (
				F721CEC92D4D8B8300B7939B /* RemoteImage.swift */,
				F721CED22D4DACBC00B7939B /* WKWebViewRepresentable.swift */,
			);
			path = Utils;
			sourceTree = "<group>";
		};
		F721CECB2D4DA92400B7939B /* Helpers */ = {
			isa = PBXGroup;
			children = (
				F721CECC2D4DA95700B7939B /* Date+Helpers.swift */,
				F721CECE2D4DAA3300B7939B /* String+Helpers.swift */,
			);
			path = Helpers;
			sourceTree = "<group>";
		};
		F721CEDA2D4E3C4D00B7939B /* Response */ = {
			isa = PBXGroup;
			children = (
				F721CED02D4DAAE600B7939B /* MediaType.swift */,
				F721CEB82D4D7EFF00B7939B /* APOD.swift */,
			);
			path = Response;
			sourceTree = "<group>";
		};
		F7DFE2E52D4D754E00A2CCB9 = {
			isa = PBXGroup;
			children = (
				F7DFE2F02D4D754E00A2CCB9 /* NASA APOD */,
				F7DFE2EF2D4D754E00A2CCB9 /* Products */,
			);
			sourceTree = "<group>";
		};
		F7DFE2EF2D4D754E00A2CCB9 /* Products */ = {
			isa = PBXGroup;
			children = (
				F7DFE2EE2D4D754E00A2CCB9 /* NASA APOD.app */,
			);
			name = Products;
			sourceTree = "<group>";
		};
		F7DFE2F02D4D754E00A2CCB9 /* NASA APOD */ = {
			isa = PBXGroup;
			children = (
				F721CEBE2D4D81DE00B7939B /* Presentation */,
				F721CEB42D4D7EFF00B7939B /* Domain */,
				F721CEA42D4D7EF300B7939B /* Data */,
				F721CEC62D4D8B4A00B7939B /* Utils */,
				F721CECB2D4DA92400B7939B /* Helpers */,
				F7DFE2F12D4D754E00A2CCB9 /* NASA_APODApp.swift */,
				F7DFE2F32D4D754E00A2CCB9 /* ContentView.swift */,
				F7DFE2F52D4D754F00A2CCB9 /* Assets.xcassets */,
				F7DFE2F72D4D754F00A2CCB9 /* Preview Content */,
			);
			path = "NASA APOD";
			sourceTree = "<group>";
		};
		F7DFE2F72D4D754F00A2CCB9 /* Preview Content */ = {
			isa = PBXGroup;
			children = (
				F7DFE2F82D4D754F00A2CCB9 /* Preview Assets.xcassets */,
			);
			path = "Preview Content";
			sourceTree = "<group>";
		};
/* End PBXGroup section */

/* Begin PBXNativeTarget section */
		F7DFE2ED2D4D754E00A2CCB9 /* NASA APOD */ = {
			isa = PBXNativeTarget;
			buildConfigurationList = F7DFE2FC2D4D754F00A2CCB9 /* Build configuration list for PBXNativeTarget "NASA APOD" */;
			buildPhases = (
				F7DFE2EA2D4D754E00A2CCB9 /* Sources */,
				F7DFE2EB2D4D754E00A2CCB9 /* Frameworks */,
				F7DFE2EC2D4D754E00A2CCB9 /* Resources */,
			);
			buildRules = (
			);
			dependencies = (
			);
			name = "NASA APOD";
			productName = "NASA APOD";
			productReference = F7DFE2EE2D4D754E00A2CCB9 /* NASA APOD.app */;
			productType = "com.apple.product-type.application";
		};
/* End PBXNativeTarget section */

/* Begin PBXProject section */
		F7DFE2E62D4D754E00A2CCB9 /* Project object */ = {
			isa = PBXProject;
			attributes = {
				BuildIndependentTargetsInParallel = 1;
				LastSwiftUpdateCheck = 1520;
				LastUpgradeCheck = 1520;
				TargetAttributes = {
					F7DFE2ED2D4D754E00A2CCB9 = {
						CreatedOnToolsVersion = 15.2;
					};
				};
			};
			buildConfigurationList = F7DFE2E92D4D754E00A2CCB9 /* Build configuration list for PBXProject "NASA APOD" */;
			compatibilityVersion = "Xcode 14.0";
			developmentRegion = en;
			hasScannedForEncodings = 0;
			knownRegions = (
				en,
				Base,
			);
			mainGroup = F7DFE2E52D4D754E00A2CCB9;
			productRefGroup = F7DFE2EF2D4D754E00A2CCB9 /* Products */;
			projectDirPath = "";
			projectRoot = "";
			targets = (
				F7DFE2ED2D4D754E00A2CCB9 /* NASA APOD */,
			);
		};
/* End PBXProject section */

/* Begin PBXResourcesBuildPhase section */
		F7DFE2EC2D4D754E00A2CCB9 /* Resources */ = {
			isa = PBXResourcesBuildPhase;
			buildActionMask = 2147483647;
			files = (
				F7DFE2F92D4D754F00A2CCB9 /* Preview Assets.xcassets in Resources */,
				F7DFE2F62D4D754F00A2CCB9 /* Assets.xcassets in Resources */,
			);
			runOnlyForDeploymentPostprocessing = 0;
		};
/* End PBXResourcesBuildPhase section */

/* Begin PBXSourcesBuildPhase section */
		F7DFE2EA2D4D754E00A2CCB9 /* Sources */ = {
			isa = PBXSourcesBuildPhase;
			buildActionMask = 2147483647;
			files = (
				F721CED12D4DAAE600B7939B /* MediaType.swift in Sources */,
				F721CEC32D4D828F00B7939B /* AstroView+ViewModel.swift in Sources */,
				F721CECD2D4DA95700B7939B /* Date+Helpers.swift in Sources */,
				F721CED92D4E390C00B7939B /* Astro.swift in Sources */,
				F721CED32D4DACBC00B7939B /* WKWebViewRepresentable.swift in Sources */,
				F721CEB22D4D7EF300B7939B /* Endpoint.swift in Sources */,
				F721CEBD2D4D7FD400B7939B /* GetApodUseCase.swift in Sources */,
				F721CECA2D4D8B8300B7939B /* RemoteImage.swift in Sources */,
				F7DFE2F42D4D754E00A2CCB9 /* ContentView.swift in Sources */,
				F721CEB02D4D7EF300B7939B /* HTTPClient.swift in Sources */,
				F721CEBA2D4D7EFF00B7939B /* APOD.swift in Sources */,
				F721CEAE2D4D7EF300B7939B /* FetchApodRepository.swift in Sources */,
				F721CECF2D4DAA3300B7939B /* String+Helpers.swift in Sources */,
				F721CEC12D4D826700B7939B /* AstroView.swift in Sources */,
				F721CEB12D4D7EF300B7939B /* NetworkError.swift in Sources */,
				F721CEB32D4D7EF300B7939B /* GetApodEndpoint.swift in Sources */,
				F7DFE2F22D4D754E00A2CCB9 /* NASA_APODApp.swift in Sources */,
				F721CEC52D4D85F100B7939B /* AstroView+Factory.swift in Sources */,
				F721CEAF2D4D7EF300B7939B /* NetworkClient.swift in Sources */,
				F721CEB92D4D7EFF00B7939B /* FetchApodRepositoryProtocol.swift in Sources */,
			);
			runOnlyForDeploymentPostprocessing = 0;
		};
/* End PBXSourcesBuildPhase section */

/* Begin XCBuildConfiguration section */
		F7DFE2FA2D4D754F00A2CCB9 /* Debug */ = {
			isa = XCBuildConfiguration;
			buildSettings = {
				ALWAYS_SEARCH_USER_PATHS = NO;
				ASSETCATALOG_COMPILER_GENERATE_SWIFT_ASSET_SYMBOL_EXTENSIONS = YES;
				CLANG_ANALYZER_NONNULL = YES;
				CLANG_ANALYZER_NUMBER_OBJECT_CONVERSION = YES_AGGRESSIVE;
				CLANG_CXX_LANGUAGE_STANDARD = "gnu++20";
				CLANG_ENABLE_MODULES = YES;
				CLANG_ENABLE_OBJC_ARC = YES;
				CLANG_ENABLE_OBJC_WEAK = YES;
				CLANG_WARN_BLOCK_CAPTURE_AUTORELEASING = YES;
				CLANG_WARN_BOOL_CONVERSION = YES;
				CLANG_WARN_COMMA = YES;
				CLANG_WARN_CONSTANT_CONVERSION = YES;
				CLANG_WARN_DEPRECATED_OBJC_IMPLEMENTATIONS = YES;
				CLANG_WARN_DIRECT_OBJC_ISA_USAGE = YES_ERROR;
				CLANG_WARN_DOCUMENTATION_COMMENTS = YES;
				CLANG_WARN_EMPTY_BODY = YES;
				CLANG_WARN_ENUM_CONVERSION = YES;
				CLANG_WARN_INFINITE_RECURSION = YES;
				CLANG_WARN_INT_CONVERSION = YES;
				CLANG_WARN_NON_LITERAL_NULL_CONVERSION = YES;
				CLANG_WARN_OBJC_IMPLICIT_RETAIN_SELF = YES;
				CLANG_WARN_OBJC_LITERAL_CONVERSION = YES;
				CLANG_WARN_OBJC_ROOT_CLASS = YES_ERROR;
				CLANG_WARN_QUOTED_INCLUDE_IN_FRAMEWORK_HEADER = YES;
				CLANG_WARN_RANGE_LOOP_ANALYSIS = YES;
				CLANG_WARN_STRICT_PROTOTYPES = YES;
				CLANG_WARN_SUSPICIOUS_MOVE = YES;
				CLANG_WARN_UNGUARDED_AVAILABILITY = YES_AGGRESSIVE;
				CLANG_WARN_UNREACHABLE_CODE = YES;
				CLANG_WARN__DUPLICATE_METHOD_MATCH = YES;
				COPY_PHASE_STRIP = NO;
				DEBUG_INFORMATION_FORMAT = dwarf;
				ENABLE_STRICT_OBJC_MSGSEND = YES;
				ENABLE_TESTABILITY = YES;
				ENABLE_USER_SCRIPT_SANDBOXING = YES;
				GCC_C_LANGUAGE_STANDARD = gnu17;
				GCC_DYNAMIC_NO_PIC = NO;
				GCC_NO_COMMON_BLOCKS = YES;
				GCC_OPTIMIZATION_LEVEL = 0;
				GCC_PREPROCESSOR_DEFINITIONS = (
					"DEBUG=1",
					"$(inherited)",
				);
				GCC_WARN_64_TO_32_BIT_CONVERSION = YES;
				GCC_WARN_ABOUT_RETURN_TYPE = YES_ERROR;
				GCC_WARN_UNDECLARED_SELECTOR = YES;
				GCC_WARN_UNINITIALIZED_AUTOS = YES_AGGRESSIVE;
				GCC_WARN_UNUSED_FUNCTION = YES;
				GCC_WARN_UNUSED_VARIABLE = YES;
				IPHONEOS_DEPLOYMENT_TARGET = 17.2;
				LOCALIZATION_PREFERS_STRING_CATALOGS = YES;
				MTL_ENABLE_DEBUG_INFO = INCLUDE_SOURCE;
				MTL_FAST_MATH = YES;
				ONLY_ACTIVE_ARCH = YES;
				SDKROOT = iphoneos;
				SWIFT_ACTIVE_COMPILATION_CONDITIONS = "DEBUG $(inherited)";
				SWIFT_OPTIMIZATION_LEVEL = "-Onone";
			};
			name = Debug;
		};
		F7DFE2FB2D4D754F00A2CCB9 /* Release */ = {
			isa = XCBuildConfiguration;
			buildSettings = {
				ALWAYS_SEARCH_USER_PATHS = NO;
				ASSETCATALOG_COMPILER_GENERATE_SWIFT_ASSET_SYMBOL_EXTENSIONS = YES;
				CLANG_ANALYZER_NONNULL = YES;
				CLANG_ANALYZER_NUMBER_OBJECT_CONVERSION = YES_AGGRESSIVE;
				CLANG_CXX_LANGUAGE_STANDARD = "gnu++20";
				CLANG_ENABLE_MODULES = YES;
				CLANG_ENABLE_OBJC_ARC = YES;
				CLANG_ENABLE_OBJC_WEAK = YES;
				CLANG_WARN_BLOCK_CAPTURE_AUTORELEASING = YES;
				CLANG_WARN_BOOL_CONVERSION = YES;
				CLANG_WARN_COMMA = YES;
				CLANG_WARN_CONSTANT_CONVERSION = YES;
				CLANG_WARN_DEPRECATED_OBJC_IMPLEMENTATIONS = YES;
				CLANG_WARN_DIRECT_OBJC_ISA_USAGE = YES_ERROR;
				CLANG_WARN_DOCUMENTATION_COMMENTS = YES;
				CLANG_WARN_EMPTY_BODY = YES;
				CLANG_WARN_ENUM_CONVERSION = YES;
				CLANG_WARN_INFINITE_RECURSION = YES;
				CLANG_WARN_INT_CONVERSION = YES;
				CLANG_WARN_NON_LITERAL_NULL_CONVERSION = YES;
				CLANG_WARN_OBJC_IMPLICIT_RETAIN_SELF = YES;
				CLANG_WARN_OBJC_LITERAL_CONVERSION = YES;
				CLANG_WARN_OBJC_ROOT_CLASS = YES_ERROR;
				CLANG_WARN_QUOTED_INCLUDE_IN_FRAMEWORK_HEADER = YES;
				CLANG_WARN_RANGE_LOOP_ANALYSIS = YES;
				CLANG_WARN_STRICT_PROTOTYPES = YES;
				CLANG_WARN_SUSPICIOUS_MOVE = YES;
				CLANG_WARN_UNGUARDED_AVAILABILITY = YES_AGGRESSIVE;
				CLANG_WARN_UNREACHABLE_CODE = YES;
				CLANG_WARN__DUPLICATE_METHOD_MATCH = YES;
				COPY_PHASE_STRIP = NO;
				DEBUG_INFORMATION_FORMAT = "dwarf-with-dsym";
				ENABLE_NS_ASSERTIONS = NO;
				ENABLE_STRICT_OBJC_MSGSEND = YES;
				ENABLE_USER_SCRIPT_SANDBOXING = YES;
				GCC_C_LANGUAGE_STANDARD = gnu17;
				GCC_NO_COMMON_BLOCKS = YES;
				GCC_WARN_64_TO_32_BIT_CONVERSION = YES;
				GCC_WARN_ABOUT_RETURN_TYPE = YES_ERROR;
				GCC_WARN_UNDECLARED_SELECTOR = YES;
				GCC_WARN_UNINITIALIZED_AUTOS = YES_AGGRESSIVE;
				GCC_WARN_UNUSED_FUNCTION = YES;
				GCC_WARN_UNUSED_VARIABLE = YES;
				IPHONEOS_DEPLOYMENT_TARGET = 17.2;
				LOCALIZATION_PREFERS_STRING_CATALOGS = YES;
				MTL_ENABLE_DEBUG_INFO = NO;
				MTL_FAST_MATH = YES;
				SDKROOT = iphoneos;
				SWIFT_COMPILATION_MODE = wholemodule;
				VALIDATE_PRODUCT = YES;
			};
			name = Release;
		};
		F7DFE2FD2D4D754F00A2CCB9 /* Debug */ = {
			isa = XCBuildConfiguration;
			buildSettings = {
				ASSETCATALOG_COMPILER_APPICON_NAME = AppIcon;
				ASSETCATALOG_COMPILER_GLOBAL_ACCENT_COLOR_NAME = AccentColor;
				CODE_SIGN_STYLE = Automatic;
				CURRENT_PROJECT_VERSION = 1;
				DEVELOPMENT_ASSET_PATHS = "\"NASA APOD/Preview Content\"";
				DEVELOPMENT_TEAM = JA3K44V4L9;
				ENABLE_PREVIEWS = YES;
				GENERATE_INFOPLIST_FILE = YES;
				INFOPLIST_KEY_UIApplicationSceneManifest_Generation = YES;
				INFOPLIST_KEY_UIApplicationSupportsIndirectInputEvents = YES;
				INFOPLIST_KEY_UILaunchScreen_Generation = YES;
				INFOPLIST_KEY_UISupportedInterfaceOrientations_iPad = "UIInterfaceOrientationPortrait UIInterfaceOrientationPortraitUpsideDown UIInterfaceOrientationLandscapeLeft UIInterfaceOrientationLandscapeRight";
				INFOPLIST_KEY_UISupportedInterfaceOrientations_iPhone = "UIInterfaceOrientationPortrait UIInterfaceOrientationLandscapeLeft UIInterfaceOrientationLandscapeRight";
				LD_RUNPATH_SEARCH_PATHS = (
					"$(inherited)",
					"@executable_path/Frameworks",
				);
				MARKETING_VERSION = 1.0;
				PRODUCT_BUNDLE_IDENTIFIER = "kilmer.NASA-APOD";
				PRODUCT_NAME = "$(TARGET_NAME)";
				SWIFT_EMIT_LOC_STRINGS = YES;
				SWIFT_VERSION = 5.0;
				TARGETED_DEVICE_FAMILY = "1,2";
			};
			name = Debug;
		};
		F7DFE2FE2D4D754F00A2CCB9 /* Release */ = {
			isa = XCBuildConfiguration;
			buildSettings = {
				ASSETCATALOG_COMPILER_APPICON_NAME = AppIcon;
				ASSETCATALOG_COMPILER_GLOBAL_ACCENT_COLOR_NAME = AccentColor;
				CODE_SIGN_STYLE = Automatic;
				CURRENT_PROJECT_VERSION = 1;
				DEVELOPMENT_ASSET_PATHS = "\"NASA APOD/Preview Content\"";
				DEVELOPMENT_TEAM = JA3K44V4L9;
				ENABLE_PREVIEWS = YES;
				GENERATE_INFOPLIST_FILE = YES;
				INFOPLIST_KEY_UIApplicationSceneManifest_Generation = YES;
				INFOPLIST_KEY_UIApplicationSupportsIndirectInputEvents = YES;
				INFOPLIST_KEY_UILaunchScreen_Generation = YES;
				INFOPLIST_KEY_UISupportedInterfaceOrientations_iPad = "UIInterfaceOrientationPortrait UIInterfaceOrientationPortraitUpsideDown UIInterfaceOrientationLandscapeLeft UIInterfaceOrientationLandscapeRight";
				INFOPLIST_KEY_UISupportedInterfaceOrientations_iPhone = "UIInterfaceOrientationPortrait UIInterfaceOrientationLandscapeLeft UIInterfaceOrientationLandscapeRight";
				LD_RUNPATH_SEARCH_PATHS = (
					"$(inherited)",
					"@executable_path/Frameworks",
				);
				MARKETING_VERSION = 1.0;
				PRODUCT_BUNDLE_IDENTIFIER = "kilmer.NASA-APOD";
				PRODUCT_NAME = "$(TARGET_NAME)";
				SWIFT_EMIT_LOC_STRINGS = YES;
				SWIFT_VERSION = 5.0;
				TARGETED_DEVICE_FAMILY = "1,2";
			};
			name = Release;
		};
/* End XCBuildConfiguration section */

/* Begin XCConfigurationList section */
		F7DFE2E92D4D754E00A2CCB9 /* Build configuration list for PBXProject "NASA APOD" */ = {
			isa = XCConfigurationList;
			buildConfigurations = (
				F7DFE2FA2D4D754F00A2CCB9 /* Debug */,
				F7DFE2FB2D4D754F00A2CCB9 /* Release */,
			);
			defaultConfigurationIsVisible = 0;
			defaultConfigurationName = Release;
		};
		F7DFE2FC2D4D754F00A2CCB9 /* Build configuration list for PBXNativeTarget "NASA APOD" */ = {
			isa = XCConfigurationList;
			buildConfigurations = (
				F7DFE2FD2D4D754F00A2CCB9 /* Debug */,
				F7DFE2FE2D4D754F00A2CCB9 /* Release */,
			);
			defaultConfigurationIsVisible = 0;
			defaultConfigurationName = Release;
		};
/* End XCConfigurationList section */
	};
	rootObject = F7DFE2E62D4D754E00A2CCB9 /* Project object */;
}
